
Microsoft Visual Studio Solution File, Format Version 12.00
# Visual Studio Version 17
VisualStudioVersion = 17.0.31903.59
MinimumVisualStudioVersion = 10.0.40219.1
Project("{FAE04EC0-301F-11D3-BF4B-00C04F79EFBC}") = "Wisp", "Wisp\Wisp.csproj", "{00416B9D-D201-48DC-8B9C-F9C957B4CEA9}"
EndProject
Project("{FAE04EC0-301F-11D3-BF4B-00C04F79EFBC}") = "Wisp.Tests", "Wisp.Tests\Wisp.Tests.csproj", "{5CDC15C9-4F30-4A86-B252-C7F5F9E8557E}"
EndProject
Project("{2150E333-8FDC-42A3-9474-1A3956D46DE8}") = "Build", "Build", "{7230E35D-9242-4D22-9473-2D95362BE94A}"
	ProjectSection(SolutionItems) = preProject
		Directory.Build.props = Directory.Build.props
		Directory.Build.targets = Directory.Build.targets
		.editorconfig = .editorconfig
	EndProjectSection
EndProject
Project("{FAE04EC0-301F-11D3-BF4B-00C04F79EFBC}") = "Wisp.Testing", "Wisp.Testing\Wisp.Testing.csproj", "{90050AE8-D78C-434F-8756-BA5155AE6A49}"
EndProject
Global
	GlobalSection(SolutionConfigurationPlatforms) = preSolution
		Debug|Any CPU = Debug|Any CPU
		Release|Any CPU = Release|Any CPU
	EndGlobalSection
	GlobalSection(SolutionProperties) = preSolution
		HideSolutionNode = FALSE
	EndGlobalSection
	GlobalSection(ProjectConfigurationPlatforms) = postSolution
		{00416B9D-D201-48DC-8B9C-F9C957B4CEA9}.Debug|Any CPU.ActiveCfg = Debug|Any CPU
		{00416B9D-D201-48DC-8B9C-F9C957B4CEA9}.Debug|Any CPU.Build.0 = Debug|Any CPU
		{00416B9D-D201-48DC-8B9C-F9C957B4CEA9}.Release|Any CPU.ActiveCfg = Release|Any CPU
		{00416B9D-D201-48DC-8B9C-F9C957B4CEA9}.Release|Any CPU.Build.0 = Release|Any CPU
		{5CDC15C9-4F30-4A86-B252-C7F5F9E8557E}.Debug|Any CPU.ActiveCfg = Debug|Any CPU
		{5CDC15C9-4F30-4A86-B252-C7F5F9E8557E}.Debug|Any CPU.Build.0 = Debug|Any CPU
		{5CDC15C9-4F30-4A86-B252-C7F5F9E8557E}.Release|Any CPU.ActiveCfg = Release|Any CPU
		{5CDC15C9-4F30-4A86-B252-C7F5F9E8557E}.Release|Any CPU.Build.0 = Release|Any CPU
		{90050AE8-D78C-434F-8756-BA5155AE6A49}.Debug|Any CPU.ActiveCfg = Debug|Any CPU
		{90050AE8-D78C-434F-8756-BA5155AE6A49}.Debug|Any CPU.Build.0 = Debug|Any CPU
		{90050AE8-D78C-434F-8756-BA5155AE6A49}.Release|Any CPU.ActiveCfg = Release|Any CPU
		{90050AE8-D78C-434F-8756-BA5155AE6A49}.Release|Any CPU.Build.0 = Release|Any CPU
	EndGlobalSection
EndGlobal
